
Microsoft Visual Studio Solution File, Format Version 12.00
# Visual Studio 2015
Project("{FAE04EC0-301F-11D3-BF4B-00C04F79EFBC}") = "WesternTD.CSharp", "WesternTD.CSharp.csproj", "{EEDA5981-E062-BCC5-734E-398F3E3C1E15}"
EndProject
Global
	GlobalSection(SolutionConfigurationPlatforms) = preSolution
		Debug|Any CPU = Debug|Any CPU
		Release|Any CPU = Release|Any CPU
	EndGlobalSection
	GlobalSection(ProjectConfigurationPlatforms) = postSolution
		{EEDA5981-E062-BCC5-734E-398F3E3C1E15}.Debug|Any CPU.ActiveCfg = Debug|Any CPU
		{EEDA5981-E062-BCC5-734E-398F3E3C1E15}.Debug|Any CPU.Build.0 = Debug|Any CPU
		{EEDA5981-E062-BCC5-734E-398F3E3C1E15}.Release|Any CPU.ActiveCfg = Release|Any CPU
		{EEDA5981-E062-BCC5-734E-398F3E3C1E15}.Release|Any CPU.Build.0 = Release|Any CPU
	EndGlobalSection
	GlobalSection(SolutionProperties) = preSolution
		HideSolutionNode = FALSE
	EndGlobalSection
EndGlobal
